
Microsoft Visual Studio Solution File, Format Version 12.00
# Visual Studio 2012
Project("{FAE04EC0-301F-11D3-BF4B-00C04F79EFBC}") = "Inventario", "Inventario\Inventario.csproj", "{D342F34E-6A38-4C33-BC41-FE08BF4DC819}"
EndProject
Project("{E53339B2-1760-4266-BCC7-CA923CBCF16C}") = "docker-compose", "docker-compose.dcproj", "{16D86E86-0CCE-486A-85E2-3D69D7ACDC3D}"
EndProject
Global
	GlobalSection(SolutionConfigurationPlatforms) = preSolution
		Debug|Any CPU = Debug|Any CPU
		Release|Any CPU = Release|Any CPU
	EndGlobalSection
	GlobalSection(ProjectConfigurationPlatforms) = postSolution
		{D342F34E-6A38-4C33-BC41-FE08BF4DC819}.Debug|Any CPU.ActiveCfg = Debug|Any CPU
		{D342F34E-6A38-4C33-BC41-FE08BF4DC819}.Debug|Any CPU.Build.0 = Debug|Any CPU
		{D342F34E-6A38-4C33-BC41-FE08BF4DC819}.Release|Any CPU.ActiveCfg = Release|Any CPU
		{D342F34E-6A38-4C33-BC41-FE08BF4DC819}.Release|Any CPU.Build.0 = Release|Any CPU
		{16D86E86-0CCE-486A-85E2-3D69D7ACDC3D}.Debug|Any CPU.ActiveCfg = Debug|Any CPU
		{16D86E86-0CCE-486A-85E2-3D69D7ACDC3D}.Debug|Any CPU.Build.0 = Debug|Any CPU
		{16D86E86-0CCE-486A-85E2-3D69D7ACDC3D}.Release|Any CPU.ActiveCfg = Release|Any CPU
		{16D86E86-0CCE-486A-85E2-3D69D7ACDC3D}.Release|Any CPU.Build.0 = Release|Any CPU
	EndGlobalSection
EndGlobal
